{
  "object": {
    "pins": [
      {
        "package": "RxExpect",
        "repositoryURL": "https://github.com/devxoul/RxExpect.git",
        "state": {
          "branch": "swift-4.0",
          "revision": "773771cfbc975c91da0fca319ec22642a72d58ba",
          "version": null
        }
      },
      {
        "package": "RxSwift",
        "repositoryURL": "https://github.com/ReactiveX/RxSwift.git",
        "state": {
          "branch": null,
          "revision": "61261f2ee97ace3e08713921dd9406669b9debee",
          "version": "4.0.0-rc.0"
        }
      }
    ]
  },
  "version": 1
}
