PODS:
  - ReactorKit (0.4.2):
    - RxSwift (>= 3.0.0)
  - RxCocoa (3.4.1):
    - RxSwift (~> 3.4)
  - RxSwift (3.4.1)

DEPENDENCIES:
  - ReactorKit (from `../../`)
  - RxCocoa
  - RxSwift

EXTERNAL SOURCES:
  ReactorKit:
    :path: "../../"

SPEC CHECKSUMS:
  ReactorKit: bc394fb78e6a80646b29704cd1af0a903989279c
  RxCocoa: a8a5f1d061d0043e28f56976829f31ce63e8eb09
  RxSwift: 656f8fbeca5bc372121a72d9ebdd3cd3bc0ffade

PODFILE CHECKSUM: bc28312b89d4268764493d5f34535ef412868a02

COCOAPODS: 1.2.1
