// !$*UTF8*$!
{
	archiveVersion = 1;
	classes = {
	};
	objectVersion = 46;
	objects = {

/* Begin PBXBuildFile section */
		034F94C41EB789F400CB9EF1 /* AppDelegate.swift in Sources */ = {isa = PBXBuildFile; fileRef = 034F94C31EB789F400CB9EF1 /* AppDelegate.swift */; };
		034F94C61EB789F400CB9EF1 /* CounterViewController.swift in Sources */ = {isa = PBXBuildFile; fileRef = 034F94C51EB789F400CB9EF1 /* CounterViewController.swift */; };
		034F94C91EB789F400CB9EF1 /* Main.storyboard in Resources */ = {isa = PBXBuildFile; fileRef = 034F94C71EB789F400CB9EF1 /* Main.storyboard */; };
		034F94CB1EB789F400CB9EF1 /* Assets.xcassets in Resources */ = {isa = PBXBuildFile; fileRef = 034F94CA1EB789F400CB9EF1 /* Assets.xcassets */; };
		034F94CE1EB789F400CB9EF1 /* LaunchScreen.storyboard in Resources */ = {isa = PBXBuildFile; fileRef = 034F94CC1EB789F400CB9EF1 /* LaunchScreen.storyboard */; };
		035053421F61C325008E8863 /* CounterViewReactor.swift in Sources */ = {isa = PBXBuildFile; fileRef = 035053411F61C325008E8863 /* CounterViewReactor.swift */; };
		409B5B5C85C04CED201DAAF3 /* Pods_Example_Counter.framework in Frameworks */ = {isa = PBXBuildFile; fileRef = 51B4C3728455C73235AA1B33 /* Pods_Example_Counter.framework */; };
/* End PBXBuildFile section */

/* Begin PBXContainerItemProxy section */
		03F235F1244C2E8D003B7446 /* PBXContainerItemProxy */ = {
			isa = PBXContainerItemProxy;
			containerPortal = 03F235ED244C2E8D003B7446 /* GitHubSearch.xcodeproj */;
			proxyType = 2;
			remoteGlobalIDString = 030AD45C1EC5BC3300360E05;
			remoteInfo = GitHubSearch;
		};
/* End PBXContainerItemProxy section */

/* Begin PBXFileReference section */
		034F94C01EB789F400CB9EF1 /* Counter.app */ = {isa = PBXFileReference; explicitFileType = wrapper.application; includeInIndex = 0; path = Counter.app; sourceTree = BUILT_PRODUCTS_DIR; };
		034F94C31EB789F400CB9EF1 /* AppDelegate.swift */ = {isa = PBXFileReference; lastKnownFileType = sourcecode.swift; path = AppDelegate.swift; sourceTree = "<group>"; };
		034F94C51EB789F400CB9EF1 /* CounterViewController.swift */ = {isa = PBXFileReference; lastKnownFileType = sourcecode.swift; path = CounterViewController.swift; sourceTree = "<group>"; };
		034F94C81EB789F400CB9EF1 /* Base */ = {isa = PBXFileReference; lastKnownFileType = file.storyboard; name = Base; path = Base.lproj/Main.storyboard; sourceTree = "<group>"; };
		034F94CA1EB789F400CB9EF1 /* Assets.xcassets */ = {isa = PBXFileReference; lastKnownFileType = folder.assetcatalog; path = Assets.xcassets; sourceTree = "<group>"; };
		034F94CD1EB789F400CB9EF1 /* Base */ = {isa = PBXFileReference; lastKnownFileType = file.storyboard; name = Base; path = Base.lproj/LaunchScreen.storyboard; sourceTree = "<group>"; };
		034F94CF1EB789F400CB9EF1 /* Info.plist */ = {isa = PBXFileReference; lastKnownFileType = text.plist.xml; path = Info.plist; sourceTree = "<group>"; };
		035053411F61C325008E8863 /* CounterViewReactor.swift */ = {isa = PBXFileReference; fileEncoding = 4; lastKnownFileType = sourcecode.swift; path = CounterViewReactor.swift; sourceTree = "<group>"; };
		03F235ED244C2E8D003B7446 /* GitHubSearch.xcodeproj */ = {isa = PBXFileReference; lastKnownFileType = "wrapper.pb-project"; name = GitHubSearch.xcodeproj; path = ../GitHubSearch/GitHubSearch.xcodeproj; sourceTree = "<group>"; };
		51B4C3728455C73235AA1B33 /* Pods_Example_Counter.framework */ = {isa = PBXFileReference; explicitFileType = wrapper.framework; includeInIndex = 0; path = Pods_Example_Counter.framework; sourceTree = BUILT_PRODUCTS_DIR; };
		7C070D54E231EB5BFAC0BA70 /* Pods-Example-Counter.debug.xcconfig */ = {isa = PBXFileReference; includeInIndex = 1; lastKnownFileType = text.xcconfig; name = "Pods-Example-Counter.debug.xcconfig"; path = "Target Support Files/Pods-Example-Counter/Pods-Example-Counter.debug.xcconfig"; sourceTree = "<group>"; };
		DC5AF3EF6AAA10E38857BD02 /* Pods-Example-Counter.release.xcconfig */ = {isa = PBXFileReference; includeInIndex = 1; lastKnownFileType = text.xcconfig; name = "Pods-Example-Counter.release.xcconfig"; path = "Target Support Files/Pods-Example-Counter/Pods-Example-Counter.release.xcconfig"; sourceTree = "<group>"; };
/* End PBXFileReference section */

/* Begin PBXFrameworksBuildPhase section */
		034F94BD1EB789F400CB9EF1 /* Frameworks */ = {
			isa = PBXFrameworksBuildPhase;
			buildActionMask = 2147483647;
			files = (
				409B5B5C85C04CED201DAAF3 /* Pods_Example_Counter.framework in Frameworks */,
			);
			runOnlyForDeploymentPostprocessing = 0;
		};
/* End PBXFrameworksBuildPhase section */

/* Begin PBXGroup section */
		034F94B71EB789F400CB9EF1 = {
			isa = PBXGroup;
			children = (
				03F235ED244C2E8D003B7446 /* GitHubSearch.xcodeproj */,
				034F94C21EB789F400CB9EF1 /* Counter */,
				034F94C11EB789F400CB9EF1 /* Products */,
				7082DFF53EF14F498683E0CC /* Pods */,
				26839E4FFC39E69F98A4E14D /* Frameworks */,
			);
			sourceTree = "<group>";
		};
		034F94C11EB789F400CB9EF1 /* Products */ = {
			isa = PBXGroup;
			children = (
				034F94C01EB789F400CB9EF1 /* Counter.app */,
			);
			name = Products;
			sourceTree = "<group>";
		};
		034F94C21EB789F400CB9EF1 /* Counter */ = {
			isa = PBXGroup;
			children = (
				034F94C31EB789F400CB9EF1 /* AppDelegate.swift */,
				034F94C51EB789F400CB9EF1 /* CounterViewController.swift */,
				035053411F61C325008E8863 /* CounterViewReactor.swift */,
				034F94C71EB789F400CB9EF1 /* Main.storyboard */,
				034F94CA1EB789F400CB9EF1 /* Assets.xcassets */,
				034F94CC1EB789F400CB9EF1 /* LaunchScreen.storyboard */,
				034F94CF1EB789F400CB9EF1 /* Info.plist */,
			);
			path = Counter;
			sourceTree = "<group>";
		};
		03F235EE244C2E8D003B7446 /* Products */ = {
			isa = PBXGroup;
			children = (
				03F235F2244C2E8D003B7446 /* GitHubSearch.app */,
			);
			name = Products;
			sourceTree = "<group>";
		};
		26839E4FFC39E69F98A4E14D /* Frameworks */ = {
			isa = PBXGroup;
			children = (
				51B4C3728455C73235AA1B33 /* Pods_Example_Counter.framework */,
			);
			name = Frameworks;
			sourceTree = "<group>";
		};
		7082DFF53EF14F498683E0CC /* Pods */ = {
			isa = PBXGroup;
			children = (
				7C070D54E231EB5BFAC0BA70 /* Pods-Example-Counter.debug.xcconfig */,
				DC5AF3EF6AAA10E38857BD02 /* Pods-Example-Counter.release.xcconfig */,
			);
			name = Pods;
			path = ../Pods;
			sourceTree = "<group>";
		};
/* End PBXGroup section */

/* Begin PBXNativeTarget section */
		034F94BF1EB789F400CB9EF1 /* Counter */ = {
			isa = PBXNativeTarget;
			buildConfigurationList = 034F94D21EB789F400CB9EF1 /* Build configuration list for PBXNativeTarget "Counter" */;
			buildPhases = (
				502834278AEB23E857929985 /* [CP] Check Pods Manifest.lock */,
				034F94BC1EB789F400CB9EF1 /* Sources */,
				034F94BD1EB789F400CB9EF1 /* Frameworks */,
				034F94BE1EB789F400CB9EF1 /* Resources */,
				B391AC8950528EB6FF16C8AA /* [CP] Embed Pods Frameworks */,
			);
			buildRules = (
			);
			dependencies = (
			);
			name = Counter;
			productName = Counter;
			productReference = 034F94C01EB789F400CB9EF1 /* Counter.app */;
			productType = "com.apple.product-type.application";
		};
/* End PBXNativeTarget section */

/* Begin PBXProject section */
		034F94B81EB789F400CB9EF1 /* Project object */ = {
			isa = PBXProject;
			attributes = {
				LastSwiftUpdateCheck = 0830;
				LastUpgradeCheck = 1020;
				ORGANIZATIONNAME = "Suyeol Jeon";
				TargetAttributes = {
					034F94BF1EB789F400CB9EF1 = {
						CreatedOnToolsVersion = 8.3.2;
						LastSwiftMigration = 1020;
						ProvisioningStyle = Automatic;
					};
				};
			};
			buildConfigurationList = 034F94BB1EB789F400CB9EF1 /* Build configuration list for PBXProject "Counter" */;
			compatibilityVersion = "Xcode 3.2";
			developmentRegion = en;
			hasScannedForEncodings = 0;
			knownRegions = (
				en,
				Base,
			);
			mainGroup = 034F94B71EB789F400CB9EF1;
			productRefGroup = 034F94C11EB789F400CB9EF1 /* Products */;
			projectDirPath = "";
			projectReferences = (
				{
					ProductGroup = 03F235EE244C2E8D003B7446 /* Products */;
					ProjectRef = 03F235ED244C2E8D003B7446 /* GitHubSearch.xcodeproj */;
				},
			);
			projectRoot = "";
			targets = (
				034F94BF1EB789F400CB9EF1 /* Counter */,
			);
		};
/* End PBXProject section */

/* Begin PBXReferenceProxy section */
		03F235F2244C2E8D003B7446 /* GitHubSearch.app */ = {
			isa = PBXReferenceProxy;
			fileType = wrapper.application;
			path = GitHubSearch.app;
			remoteRef = 03F235F1244C2E8D003B7446 /* PBXContainerItemProxy */;
			sourceTree = BUILT_PRODUCTS_DIR;
		};
/* End PBXReferenceProxy section */

/* Begin PBXResourcesBuildPhase section */
		034F94BE1EB789F400CB9EF1 /* Resources */ = {
			isa = PBXResourcesBuildPhase;
			buildActionMask = 2147483647;
			files = (
				034F94CE1EB789F400CB9EF1 /* LaunchScreen.storyboard in Resources */,
				034F94CB1EB789F400CB9EF1 /* Assets.xcassets in Resources */,
				034F94C91EB789F400CB9EF1 /* Main.storyboard in Resources */,
			);
			runOnlyForDeploymentPostprocessing = 0;
		};
/* End PBXResourcesBuildPhase section */

/* Begin PBXShellScriptBuildPhase section */
		502834278AEB23E857929985 /* [CP] Check Pods Manifest.lock */ = {
			isa = PBXShellScriptBuildPhase;
			buildActionMask = 2147483647;
			files = (
			);
			inputFileListPaths = (
			);
			inputPaths = (
				"${PODS_PODFILE_DIR_PATH}/Podfile.lock",
				"${PODS_ROOT}/Manifest.lock",
			);
			name = "[CP] Check Pods Manifest.lock";
			outputFileListPaths = (
			);
			outputPaths = (
				"$(DERIVED_FILE_DIR)/Pods-Example-Counter-checkManifestLockResult.txt",
			);
			runOnlyForDeploymentPostprocessing = 0;
			shellPath = /bin/sh;
			shellScript = "diff \"${PODS_PODFILE_DIR_PATH}/Podfile.lock\" \"${PODS_ROOT}/Manifest.lock\" > /dev/null\nif [ $? != 0 ] ; then\n    # print error to STDERR\n    echo \"error: The sandbox is not in sync with the Podfile.lock. Run 'pod install' or update your CocoaPods installation.\" >&2\n    exit 1\nfi\n# This output is used by Xcode 'outputs' to avoid re-running this script phase.\necho \"SUCCESS\" > \"${SCRIPT_OUTPUT_FILE_0}\"\n";
			showEnvVarsInLog = 0;
		};
		B391AC8950528EB6FF16C8AA /* [CP] Embed Pods Frameworks */ = {
			isa = PBXShellScriptBuildPhase;
			buildActionMask = 2147483647;
			files = (
			);
			inputPaths = (
				"${PODS_ROOT}/Target Support Files/Pods-Example-Counter/Pods-Example-Counter-frameworks.sh",
				"${BUILT_PRODUCTS_DIR}/ReactorKit/ReactorKit.framework",
				"${BUILT_PRODUCTS_DIR}/RxCocoa/RxCocoa.framework",
				"${BUILT_PRODUCTS_DIR}/RxRelay/RxRelay.framework",
				"${BUILT_PRODUCTS_DIR}/RxSwift/RxSwift.framework",
				"${BUILT_PRODUCTS_DIR}/WeakMapTable/WeakMapTable.framework",
			);
			name = "[CP] Embed Pods Frameworks";
			outputPaths = (
				"${TARGET_BUILD_DIR}/${FRAMEWORKS_FOLDER_PATH}/ReactorKit.framework",
				"${TARGET_BUILD_DIR}/${FRAMEWORKS_FOLDER_PATH}/RxCocoa.framework",
				"${TARGET_BUILD_DIR}/${FRAMEWORKS_FOLDER_PATH}/RxRelay.framework",
				"${TARGET_BUILD_DIR}/${FRAMEWORKS_FOLDER_PATH}/RxSwift.framework",
				"${TARGET_BUILD_DIR}/${FRAMEWORKS_FOLDER_PATH}/WeakMapTable.framework",
			);
			runOnlyForDeploymentPostprocessing = 0;
			shellPath = /bin/sh;
			shellScript = "\"${PODS_ROOT}/Target Support Files/Pods-Example-Counter/Pods-Example-Counter-frameworks.sh\"\n";
			showEnvVarsInLog = 0;
		};
/* End PBXShellScriptBuildPhase section */

/* Begin PBXSourcesBuildPhase section */
		034F94BC1EB789F400CB9EF1 /* Sources */ = {
			isa = PBXSourcesBuildPhase;
			buildActionMask = 2147483647;
			files = (
				035053421F61C325008E8863 /* CounterViewReactor.swift in Sources */,
				034F94C61EB789F400CB9EF1 /* CounterViewController.swift in Sources */,
				034F94C41EB789F400CB9EF1 /* AppDelegate.swift in Sources */,
			);
			runOnlyForDeploymentPostprocessing = 0;
		};
/* End PBXSourcesBuildPhase section */

/* Begin PBXVariantGroup section */
		034F94C71EB789F400CB9EF1 /* Main.storyboard */ = {
			isa = PBXVariantGroup;
			children = (
				034F94C81EB789F400CB9EF1 /* Base */,
			);
			name = Main.storyboard;
			sourceTree = "<group>";
		};
		034F94CC1EB789F400CB9EF1 /* LaunchScreen.storyboard */ = {
			isa = PBXVariantGroup;
			children = (
				034F94CD1EB789F400CB9EF1 /* Base */,
			);
			name = LaunchScreen.storyboard;
			sourceTree = "<group>";
		};
/* End PBXVariantGroup section */

/* Begin XCBuildConfiguration section */
		034F94D01EB789F400CB9EF1 /* Debug */ = {
			isa = XCBuildConfiguration;
			buildSettings = {
				ALWAYS_SEARCH_USER_PATHS = NO;
				CLANG_ANALYZER_LOCALIZABILITY_NONLOCALIZED = YES;
				CLANG_ANALYZER_NONNULL = YES;
				CLANG_ANALYZER_NUMBER_OBJECT_CONVERSION = YES_AGGRESSIVE;
				CLANG_CXX_LANGUAGE_STANDARD = "gnu++0x";
				CLANG_CXX_LIBRARY = "libc++";
				CLANG_ENABLE_MODULES = YES;
				CLANG_ENABLE_OBJC_ARC = YES;
				CLANG_WARN_BLOCK_CAPTURE_AUTORELEASING = YES;
				CLANG_WARN_BOOL_CONVERSION = YES;
				CLANG_WARN_COMMA = YES;
				CLANG_WARN_CONSTANT_CONVERSION = YES;
				CLANG_WARN_DEPRECATED_OBJC_IMPLEMENTATIONS = YES;
				CLANG_WARN_DIRECT_OBJC_ISA_USAGE = YES_ERROR;
				CLANG_WARN_DOCUMENTATION_COMMENTS = YES;
				CLANG_WARN_EMPTY_BODY = YES;
				CLANG_WARN_ENUM_CONVERSION = YES;
				CLANG_WARN_INFINITE_RECURSION = YES;
				CLANG_WARN_INT_CONVERSION = YES;
				CLANG_WARN_NON_LITERAL_NULL_CONVERSION = YES;
				CLANG_WARN_OBJC_IMPLICIT_RETAIN_SELF = YES;
				CLANG_WARN_OBJC_LITERAL_CONVERSION = YES;
				CLANG_WARN_OBJC_ROOT_CLASS = YES_ERROR;
				CLANG_WARN_RANGE_LOOP_ANALYSIS = YES;
				CLANG_WARN_STRICT_PROTOTYPES = YES;
				CLANG_WARN_SUSPICIOUS_MOVE = YES;
				CLANG_WARN_UNREACHABLE_CODE = YES;
				CLANG_WARN__DUPLICATE_METHOD_MATCH = YES;
				"CODE_SIGN_IDENTITY[sdk=iphoneos*]" = "iPhone Developer";
				COPY_PHASE_STRIP = NO;
				DEBUG_INFORMATION_FORMAT = dwarf;
				ENABLE_STRICT_OBJC_MSGSEND = YES;
				ENABLE_TESTABILITY = YES;
				GCC_C_LANGUAGE_STANDARD = gnu99;
				GCC_DYNAMIC_NO_PIC = NO;
				GCC_NO_COMMON_BLOCKS = YES;
				GCC_OPTIMIZATION_LEVEL = 0;
				GCC_PREPROCESSOR_DEFINITIONS = (
					"DEBUG=1",
					"$(inherited)",
				);
				GCC_WARN_64_TO_32_BIT_CONVERSION = YES;
				GCC_WARN_ABOUT_RETURN_TYPE = YES_ERROR;
				GCC_WARN_UNDECLARED_SELECTOR = YES;
				GCC_WARN_UNINITIALIZED_AUTOS = YES_AGGRESSIVE;
				GCC_WARN_UNUSED_FUNCTION = YES;
				GCC_WARN_UNUSED_VARIABLE = YES;
				IPHONEOS_DEPLOYMENT_TARGET = 10.3;
				MTL_ENABLE_DEBUG_INFO = YES;
				ONLY_ACTIVE_ARCH = YES;
				SDKROOT = iphoneos;
				SWIFT_ACTIVE_COMPILATION_CONDITIONS = DEBUG;
				SWIFT_OPTIMIZATION_LEVEL = "-Onone";
				SWIFT_VERSION = 4.0;
			};
			name = Debug;
		};
		034F94D11EB789F400CB9EF1 /* Release */ = {
			isa = XCBuildConfiguration;
			buildSettings = {
				ALWAYS_SEARCH_USER_PATHS = NO;
				CLANG_ANALYZER_LOCALIZABILITY_NONLOCALIZED = YES;
				CLANG_ANALYZER_NONNULL = YES;
				CLANG_ANALYZER_NUMBER_OBJECT_CONVERSION = YES_AGGRESSIVE;
				CLANG_CXX_LANGUAGE_STANDARD = "gnu++0x";
				CLANG_CXX_LIBRARY = "libc++";
				CLANG_ENABLE_MODULES = YES;
				CLANG_ENABLE_OBJC_ARC = YES;
				CLANG_WARN_BLOCK_CAPTURE_AUTORELEASING = YES;
				CLANG_WARN_BOOL_CONVERSION = YES;
				CLANG_WARN_COMMA = YES;
				CLANG_WARN_CONSTANT_CONVERSION = YES;
				CLANG_WARN_DEPRECATED_OBJC_IMPLEMENTATIONS = YES;
				CLANG_WARN_DIRECT_OBJC_ISA_USAGE = YES_ERROR;
				CLANG_WARN_DOCUMENTATION_COMMENTS = YES;
				CLANG_WARN_EMPTY_BODY = YES;
				CLANG_WARN_ENUM_CONVERSION = YES;
				CLANG_WARN_INFINITE_RECURSION = YES;
				CLANG_WARN_INT_CONVERSION = YES;
				CLANG_WARN_NON_LITERAL_NULL_CONVERSION = YES;
				CLANG_WARN_OBJC_IMPLICIT_RETAIN_SELF = YES;
				CLANG_WARN_OBJC_LITERAL_CONVERSION = YES;
				CLANG_WARN_OBJC_ROOT_CLASS = YES_ERROR;
				CLANG_WARN_RANGE_LOOP_ANALYSIS = YES;
				CLANG_WARN_STRICT_PROTOTYPES = YES;
				CLANG_WARN_SUSPICIOUS_MOVE = YES;
				CLANG_WARN_UNREACHABLE_CODE = YES;
				CLANG_WARN__DUPLICATE_METHOD_MATCH = YES;
				"CODE_SIGN_IDENTITY[sdk=iphoneos*]" = "iPhone Developer";
				COPY_PHASE_STRIP = NO;
				DEBUG_INFORMATION_FORMAT = "dwarf-with-dsym";
				ENABLE_NS_ASSERTIONS = NO;
				ENABLE_STRICT_OBJC_MSGSEND = YES;
				GCC_C_LANGUAGE_STANDARD = gnu99;
				GCC_NO_COMMON_BLOCKS = YES;
				GCC_WARN_64_TO_32_BIT_CONVERSION = YES;
				GCC_WARN_ABOUT_RETURN_TYPE = YES_ERROR;
				GCC_WARN_UNDECLARED_SELECTOR = YES;
				GCC_WARN_UNINITIALIZED_AUTOS = YES_AGGRESSIVE;
				GCC_WARN_UNUSED_FUNCTION = YES;
				GCC_WARN_UNUSED_VARIABLE = YES;
				IPHONEOS_DEPLOYMENT_TARGET = 10.3;
				MTL_ENABLE_DEBUG_INFO = NO;
				SDKROOT = iphoneos;
				SWIFT_OPTIMIZATION_LEVEL = "-Owholemodule";
				SWIFT_VERSION = 4.0;
				VALIDATE_PRODUCT = YES;
			};
			name = Release;
		};
		034F94D31EB789F400CB9EF1 /* Debug */ = {
			isa = XCBuildConfiguration;
			baseConfigurationReference = 7C070D54E231EB5BFAC0BA70 /* Pods-Example-Counter.debug.xcconfig */;
			buildSettings = {
				ASSETCATALOG_COMPILER_APPICON_NAME = AppIcon;
				INFOPLIST_FILE = Counter/Info.plist;
				LD_RUNPATH_SEARCH_PATHS = "$(inherited) @executable_path/Frameworks";
				PRODUCT_BUNDLE_IDENTIFIER = kr.xoul.Counter;
				PRODUCT_NAME = "$(TARGET_NAME)";
				SWIFT_VERSION = 5.0;
			};
			name = Debug;
		};
		034F94D41EB789F400CB9EF1 /* Release */ = {
			isa = XCBuildConfiguration;
			baseConfigurationReference = DC5AF3EF6AAA10E38857BD02 /* Pods-Example-Counter.release.xcconfig */;
			buildSettings = {
				ASSETCATALOG_COMPILER_APPICON_NAME = AppIcon;
				INFOPLIST_FILE = Counter/Info.plist;
				LD_RUNPATH_SEARCH_PATHS = "$(inherited) @executable_path/Frameworks";
				PRODUCT_BUNDLE_IDENTIFIER = kr.xoul.Counter;
				PRODUCT_NAME = "$(TARGET_NAME)";
				SWIFT_VERSION = 5.0;
			};
			name = Release;
		};
/* End XCBuildConfiguration section */

/* Begin XCConfigurationList section */
		034F94BB1EB789F400CB9EF1 /* Build configuration list for PBXProject "Counter" */ = {
			isa = XCConfigurationList;
			buildConfigurations = (
				034F94D01EB789F400CB9EF1 /* Debug */,
				034F94D11EB789F400CB9EF1 /* Release */,
			);
			defaultConfigurationIsVisible = 0;
			defaultConfigurationName = Release;
		};
		034F94D21EB789F400CB9EF1 /* Build configuration list for PBXNativeTarget "Counter" */ = {
			isa = XCConfigurationList;
			buildConfigurations = (
				034F94D31EB789F400CB9EF1 /* Debug */,
				034F94D41EB789F400CB9EF1 /* Release */,
			);
			defaultConfigurationIsVisible = 0;
			defaultConfigurationName = Release;
		};
/* End XCConfigurationList section */
	};
	rootObject = 034F94B81EB789F400CB9EF1 /* Project object */;
}
