PODS:
  - ReactorKit (3.2.0):
    - RxSwift (~> 6.0)
    - WeakMapTable (~> 1.1)
  - RxCocoa (6.0.0):
    - RxRelay (= 6.0.0)
    - RxSwift (= 6.0.0)
  - RxRelay (6.0.0):
    - RxSwift (= 6.0.0)
  - RxSwift (6.0.0)
  - WeakMapTable (1.2.0)

DEPENDENCIES:
  - ReactorKit (from `../`)
  - RxCocoa (~> 6.0)
  - RxSwift (~> 6.0)

SPEC REPOS:
  trunk:
    - RxCocoa
    - RxRelay
    - RxSwift
    - WeakMapTable

EXTERNAL SOURCES:
  ReactorKit:
    :path: "../"

SPEC CHECKSUMS:
  ReactorKit: e8b11d6b9c415405f381669b095c154a05b59eca
  RxCocoa: 3f79328fafa3645b34600f37c31e64c73ae3a80e
  RxRelay: 8d593be109c06ea850df027351beba614b012ffb
  RxSwift: c14e798c59b9f6e9a2df8fd235602e85cc044295
  WeakMapTable: 05c694ce8439a7a9ebabb56187287a63c57673d6

PODFILE CHECKSUM: b204e616c7f3ffe95c0aa0f26e3702460d195172

COCOAPODS: 1.11.3
