PODS:
  - ReactorKit (3.2.0):
    - RxSwift (~> 6.0)
    - WeakMapTable (~> 1.1)
  - RxCocoa (6.9.0):
    - RxRelay (= 6.9.0)
    - RxSwift (= 6.9.0)
  - RxRelay (6.9.0):
    - RxSwift (= 6.9.0)
  - RxSwift (6.9.0)
  - WeakMapTable (1.2.0)

DEPENDENCIES:
  - ReactorKit (from `../`)
  - RxCocoa (~> 6.0)
  - RxSwift (~> 6.0)

SPEC REPOS:
  trunk:
    - RxCocoa
    - RxRelay
    - RxSwift
    - WeakMapTable

EXTERNAL SOURCES:
  ReactorKit:
    :path: "../"

SPEC CHECKSUMS:
  ReactorKit: cca4a24720edd6bbcf651f762b75610a070edb39
  RxCocoa: ac16414696ae706516be3e1ab00fcce5bdc9be8a
  RxRelay: 6b0c930e5cef57d5fe2032571e5e65b78e3cbdb1
  RxSwift: 31649ace6aceeb422e16ff71c60804f9c3281ed9
  WeakMapTable: 05c694ce8439a7a9ebabb56187287a63c57673d6

PODFILE CHECKSUM: 94f0146de2ac7dd24d48609a59c2b12cb182063c

COCOAPODS: 1.16.2
